
Microsoft Visual Studio Solution File, Format Version 12.00
# Visual Studio Version 16
VisualStudioVersion = 16.0.30907.101
MinimumVisualStudioVersion = 10.0.40219.1
Project("{FAE04EC0-301F-11D3-BF4B-00C04F79EFBC}") = "StrategyPattern", "StrategySample\StrategyPattern.csproj", "{A778C971-1747-4546-BBF4-54580A84041E}"
EndProject
Project("{2150E333-8FDC-42A3-9474-1A3956D46DE8}") = "Common", "Common", "{A438C90F-C753-4A94-9309-AAC29711EAA8}"
EndProject
Project("{FAE04EC0-301F-11D3-BF4B-00C04F79EFBC}") = "Interfaces", "Common\Interfaces\Interfaces.csproj", "{2E15B50B-45CC-4F4F-A0AB-E3D08DD5C71F}"
EndProject
Project("{2150E333-8FDC-42A3-9474-1A3956D46DE8}") = "Implementations", "Implementations", "{AC318268-EB34-49E5-9F1A-F99D16A54B70}"
EndProject
Project("{FAE04EC0-301F-11D3-BF4B-00C04F79EFBC}") = "Repositories", "Common\Implementations\Repositories\Repositories.csproj", "{2DF45D58-9FFA-4251-B151-0449D390538D}"
EndProject
Project("{FAE04EC0-301F-11D3-BF4B-00C04F79EFBC}") = "Validators", "Common\Implementations\Validators\Validators.csproj", "{035E94FE-8DBC-4ED9-BBC0-36680A576159}"
EndProject
Project("{FAE04EC0-301F-11D3-BF4B-00C04F79EFBC}") = "Container", "Common\Container\Container.csproj", "{8ED44542-E24E-4F1B-94EF-B66DE81DA2E3}"
EndProject
Project("{FAE04EC0-301F-11D3-BF4B-00C04F79EFBC}") = "AppEntryPoint", "Common\AppEntryPoint\AppEntryPoint.csproj", "{03007120-36C3-4BEB-AF36-D1D4F80ACD55}"
EndProject
Global
	GlobalSection(SolutionConfigurationPlatforms) = preSolution
		Debug|Any CPU = Debug|Any CPU
		Release|Any CPU = Release|Any CPU
	EndGlobalSection
	GlobalSection(ProjectConfigurationPlatforms) = postSolution
		{A778C971-1747-4546-BBF4-54580A84041E}.Debug|Any CPU.ActiveCfg = Debug|Any CPU
		{A778C971-1747-4546-BBF4-54580A84041E}.Debug|Any CPU.Build.0 = Debug|Any CPU
		{A778C971-1747-4546-BBF4-54580A84041E}.Release|Any CPU.ActiveCfg = Release|Any CPU
		{A778C971-1747-4546-BBF4-54580A84041E}.Release|Any CPU.Build.0 = Release|Any CPU
		{2E15B50B-45CC-4F4F-A0AB-E3D08DD5C71F}.Debug|Any CPU.ActiveCfg = Debug|Any CPU
		{2E15B50B-45CC-4F4F-A0AB-E3D08DD5C71F}.Debug|Any CPU.Build.0 = Debug|Any CPU
		{2E15B50B-45CC-4F4F-A0AB-E3D08DD5C71F}.Release|Any CPU.ActiveCfg = Release|Any CPU
		{2E15B50B-45CC-4F4F-A0AB-E3D08DD5C71F}.Release|Any CPU.Build.0 = Release|Any CPU
		{2DF45D58-9FFA-4251-B151-0449D390538D}.Debug|Any CPU.ActiveCfg = Debug|Any CPU
		{2DF45D58-9FFA-4251-B151-0449D390538D}.Debug|Any CPU.Build.0 = Debug|Any CPU
		{2DF45D58-9FFA-4251-B151-0449D390538D}.Release|Any CPU.ActiveCfg = Release|Any CPU
		{2DF45D58-9FFA-4251-B151-0449D390538D}.Release|Any CPU.Build.0 = Release|Any CPU
		{035E94FE-8DBC-4ED9-BBC0-36680A576159}.Debug|Any CPU.ActiveCfg = Debug|Any CPU
		{035E94FE-8DBC-4ED9-BBC0-36680A576159}.Debug|Any CPU.Build.0 = Debug|Any CPU
		{035E94FE-8DBC-4ED9-BBC0-36680A576159}.Release|Any CPU.ActiveCfg = Release|Any CPU
		{035E94FE-8DBC-4ED9-BBC0-36680A576159}.Release|Any CPU.Build.0 = Release|Any CPU
		{8ED44542-E24E-4F1B-94EF-B66DE81DA2E3}.Debug|Any CPU.ActiveCfg = Debug|Any CPU
		{8ED44542-E24E-4F1B-94EF-B66DE81DA2E3}.Debug|Any CPU.Build.0 = Debug|Any CPU
		{8ED44542-E24E-4F1B-94EF-B66DE81DA2E3}.Release|Any CPU.ActiveCfg = Release|Any CPU
		{8ED44542-E24E-4F1B-94EF-B66DE81DA2E3}.Release|Any CPU.Build.0 = Release|Any CPU
		{03007120-36C3-4BEB-AF36-D1D4F80ACD55}.Debug|Any CPU.ActiveCfg = Debug|Any CPU
		{03007120-36C3-4BEB-AF36-D1D4F80ACD55}.Debug|Any CPU.Build.0 = Debug|Any CPU
		{03007120-36C3-4BEB-AF36-D1D4F80ACD55}.Release|Any CPU.ActiveCfg = Release|Any CPU
		{03007120-36C3-4BEB-AF36-D1D4F80ACD55}.Release|Any CPU.Build.0 = Release|Any CPU
	EndGlobalSection
	GlobalSection(SolutionProperties) = preSolution
		HideSolutionNode = FALSE
	EndGlobalSection
	GlobalSection(NestedProjects) = preSolution
		{2E15B50B-45CC-4F4F-A0AB-E3D08DD5C71F} = {A438C90F-C753-4A94-9309-AAC29711EAA8}
		{AC318268-EB34-49E5-9F1A-F99D16A54B70} = {A438C90F-C753-4A94-9309-AAC29711EAA8}
		{2DF45D58-9FFA-4251-B151-0449D390538D} = {AC318268-EB34-49E5-9F1A-F99D16A54B70}
		{035E94FE-8DBC-4ED9-BBC0-36680A576159} = {AC318268-EB34-49E5-9F1A-F99D16A54B70}
		{8ED44542-E24E-4F1B-94EF-B66DE81DA2E3} = {A438C90F-C753-4A94-9309-AAC29711EAA8}
		{03007120-36C3-4BEB-AF36-D1D4F80ACD55} = {A438C90F-C753-4A94-9309-AAC29711EAA8}
	EndGlobalSection
	GlobalSection(ExtensibilityGlobals) = postSolution
		SolutionGuid = {9DA99FC1-E5F7-4696-9423-02E9C22A1F42}
	EndGlobalSection
EndGlobal
