
Microsoft Visual Studio Solution File, Format Version 12.00
# Visual Studio Version 16
VisualStudioVersion = 16.0.30907.101
MinimumVisualStudioVersion = 10.0.40219.1
Project("{FAE04EC0-301F-11D3-BF4B-00C04F79EFBC}") = "StrategyPattern", "StrategySample\StrategyPattern.csproj", "{A778C971-1747-4546-BBF4-54580A84041E}"
EndProject
Project("{2150E333-8FDC-42A3-9474-1A3956D46DE8}") = "Common", "Common", "{A438C90F-C753-4A94-9309-AAC29711EAA8}"
EndProject
Project("{FAE04EC0-301F-11D3-BF4B-00C04F79EFBC}") = "StatePattern", "StatePattern\StatePattern.csproj", "{FFF7457E-34D5-4D80-B1EA-EDD2A6BEB734}"
EndProject
Project("{2150E333-8FDC-42A3-9474-1A3956D46DE8}") = "Application", "Application", "{0CFD43BD-A7CF-4499-8EDB-DCD70BD47E9C}"
EndProject
Project("{FAE04EC0-301F-11D3-BF4B-00C04F79EFBC}") = "Application.Container", "Application\Container\Application.Container.csproj", "{B8688A88-9D8B-46CE-8F3E-70819928F795}"
EndProject
Project("{2150E333-8FDC-42A3-9474-1A3956D46DE8}") = "Interfaces", "Interfaces", "{B8DE8BD2-D207-4AF7-8B30-79E5FA1797DF}"
EndProject
Project("{FAE04EC0-301F-11D3-BF4B-00C04F79EFBC}") = "Common.Interfaces.Generators", "Common\Interfaces\Generators\Common.Interfaces.Generators.csproj", "{51AAFFC7-40A9-48B5-9836-F23A53341BA3}"
EndProject
Project("{FAE04EC0-301F-11D3-BF4B-00C04F79EFBC}") = "Common.Generators", "Common\Generators\Common.Generators.csproj", "{2EE323D2-2437-4FCF-8C66-241FE6D0EFC0}"
EndProject
Project("{FAE04EC0-301F-11D3-BF4B-00C04F79EFBC}") = "Common.Validators", "Common\Validators\Common.Validators.csproj", "{7C01AECB-65D7-4109-A9C7-82F063CD6E52}"
EndProject
Project("{FAE04EC0-301F-11D3-BF4B-00C04F79EFBC}") = "Common.Interfaces.Validators", "Common\Interfaces\Validators\Common.Interfaces.Validators.csproj", "{CCDDE49F-9B40-4EDE-A88B-85868D84304A}"
EndProject
Project("{9A19103F-16F7-4668-BE54-9A1E7A4F7556}") = "CompositePattern", "CompositePattern\CompositePattern.csproj", "{EDEF3776-0128-4CCD-A198-CC44916D6583}"
EndProject
Global
	GlobalSection(SolutionConfigurationPlatforms) = preSolution
		Debug|Any CPU = Debug|Any CPU
		Release|Any CPU = Release|Any CPU
	EndGlobalSection
	GlobalSection(ProjectConfigurationPlatforms) = postSolution
		{A778C971-1747-4546-BBF4-54580A84041E}.Debug|Any CPU.ActiveCfg = Debug|Any CPU
		{A778C971-1747-4546-BBF4-54580A84041E}.Debug|Any CPU.Build.0 = Debug|Any CPU
		{A778C971-1747-4546-BBF4-54580A84041E}.Release|Any CPU.ActiveCfg = Release|Any CPU
		{A778C971-1747-4546-BBF4-54580A84041E}.Release|Any CPU.Build.0 = Release|Any CPU
		{FFF7457E-34D5-4D80-B1EA-EDD2A6BEB734}.Debug|Any CPU.ActiveCfg = Debug|Any CPU
		{FFF7457E-34D5-4D80-B1EA-EDD2A6BEB734}.Debug|Any CPU.Build.0 = Debug|Any CPU
		{FFF7457E-34D5-4D80-B1EA-EDD2A6BEB734}.Release|Any CPU.ActiveCfg = Release|Any CPU
		{FFF7457E-34D5-4D80-B1EA-EDD2A6BEB734}.Release|Any CPU.Build.0 = Release|Any CPU
		{B8688A88-9D8B-46CE-8F3E-70819928F795}.Debug|Any CPU.ActiveCfg = Debug|Any CPU
		{B8688A88-9D8B-46CE-8F3E-70819928F795}.Debug|Any CPU.Build.0 = Debug|Any CPU
		{B8688A88-9D8B-46CE-8F3E-70819928F795}.Release|Any CPU.ActiveCfg = Release|Any CPU
		{B8688A88-9D8B-46CE-8F3E-70819928F795}.Release|Any CPU.Build.0 = Release|Any CPU
		{51AAFFC7-40A9-48B5-9836-F23A53341BA3}.Debug|Any CPU.ActiveCfg = Debug|Any CPU
		{51AAFFC7-40A9-48B5-9836-F23A53341BA3}.Debug|Any CPU.Build.0 = Debug|Any CPU
		{51AAFFC7-40A9-48B5-9836-F23A53341BA3}.Release|Any CPU.ActiveCfg = Release|Any CPU
		{51AAFFC7-40A9-48B5-9836-F23A53341BA3}.Release|Any CPU.Build.0 = Release|Any CPU
		{2EE323D2-2437-4FCF-8C66-241FE6D0EFC0}.Debug|Any CPU.ActiveCfg = Debug|Any CPU
		{2EE323D2-2437-4FCF-8C66-241FE6D0EFC0}.Debug|Any CPU.Build.0 = Debug|Any CPU
		{2EE323D2-2437-4FCF-8C66-241FE6D0EFC0}.Release|Any CPU.ActiveCfg = Release|Any CPU
		{2EE323D2-2437-4FCF-8C66-241FE6D0EFC0}.Release|Any CPU.Build.0 = Release|Any CPU
		{7C01AECB-65D7-4109-A9C7-82F063CD6E52}.Debug|Any CPU.ActiveCfg = Debug|Any CPU
		{7C01AECB-65D7-4109-A9C7-82F063CD6E52}.Debug|Any CPU.Build.0 = Debug|Any CPU
		{7C01AECB-65D7-4109-A9C7-82F063CD6E52}.Release|Any CPU.ActiveCfg = Release|Any CPU
		{7C01AECB-65D7-4109-A9C7-82F063CD6E52}.Release|Any CPU.Build.0 = Release|Any CPU
		{CCDDE49F-9B40-4EDE-A88B-85868D84304A}.Debug|Any CPU.ActiveCfg = Debug|Any CPU
		{CCDDE49F-9B40-4EDE-A88B-85868D84304A}.Debug|Any CPU.Build.0 = Debug|Any CPU
		{CCDDE49F-9B40-4EDE-A88B-85868D84304A}.Release|Any CPU.ActiveCfg = Release|Any CPU
		{CCDDE49F-9B40-4EDE-A88B-85868D84304A}.Release|Any CPU.Build.0 = Release|Any CPU
		{EDEF3776-0128-4CCD-A198-CC44916D6583}.Debug|Any CPU.ActiveCfg = Debug|Any CPU
		{EDEF3776-0128-4CCD-A198-CC44916D6583}.Debug|Any CPU.Build.0 = Debug|Any CPU
		{EDEF3776-0128-4CCD-A198-CC44916D6583}.Release|Any CPU.ActiveCfg = Release|Any CPU
		{EDEF3776-0128-4CCD-A198-CC44916D6583}.Release|Any CPU.Build.0 = Release|Any CPU
	EndGlobalSection
	GlobalSection(SolutionProperties) = preSolution
		HideSolutionNode = FALSE
	EndGlobalSection
	GlobalSection(NestedProjects) = preSolution
		{B8688A88-9D8B-46CE-8F3E-70819928F795} = {0CFD43BD-A7CF-4499-8EDB-DCD70BD47E9C}
		{B8DE8BD2-D207-4AF7-8B30-79E5FA1797DF} = {A438C90F-C753-4A94-9309-AAC29711EAA8}
		{51AAFFC7-40A9-48B5-9836-F23A53341BA3} = {B8DE8BD2-D207-4AF7-8B30-79E5FA1797DF}
		{2EE323D2-2437-4FCF-8C66-241FE6D0EFC0} = {A438C90F-C753-4A94-9309-AAC29711EAA8}
		{7C01AECB-65D7-4109-A9C7-82F063CD6E52} = {A438C90F-C753-4A94-9309-AAC29711EAA8}
		{CCDDE49F-9B40-4EDE-A88B-85868D84304A} = {B8DE8BD2-D207-4AF7-8B30-79E5FA1797DF}
	EndGlobalSection
	GlobalSection(ExtensibilityGlobals) = postSolution
		SolutionGuid = {9DA99FC1-E5F7-4696-9423-02E9C22A1F42}
	EndGlobalSection
EndGlobal
